# This file was autogenerated by Stack.
# You should not edit this file by hand.
# For more information, please see the documentation at:
#   https://docs.haskellstack.org/en/stable/lock_files

packages:
- completed:
    hackage: units-2.4.1.3@sha256:b4a5dd4cd55c932e0de5876bdcc35d705fbbf7e72b47e500661747c09819c09e,6298
    pantry-tree:
      size: 4664
      sha256: b416a3f778d7f99fe008c18c0faf83d15bb4375978475caadded8fa6ea5e5420
  original:
    hackage: units-2.4.1.3@sha256:b4a5dd4cd55c932e0de5876bdcc35d705fbbf7e72b47e500661747c09819c09e,6298
- completed:
    hackage: units-defs-2.2@sha256:ad0136a4bc7ecb2371491e3213220c4286403be34e566fc9347f0e532c0c8267,1754
    pantry-tree:
      size: 1674
      sha256: 3b727a620ce2fe057e464869f00f271114d45798c99f000fd0c69f99f1712e08
  original:
    hackage: units-defs-2.2@sha256:ad0136a4bc7ecb2371491e3213220c4286403be34e566fc9347f0e532c0c8267,1754
- completed:
    hackage: units-parser-0.1.1.3@sha256:ad34e7f04771bd367dcd9b7bf5d41c8ac79f813928dc4283a1dff91736505b66,1551
    pantry-tree:
      size: 274
      sha256: 5dd541bc0cedabc752404e917def1f90d24fc66bcf6991a95f7dff31783c6ec9
  original:
    hackage: units-parser-0.1.1.3@sha256:ad34e7f04771bd367dcd9b7bf5d41c8ac79f813928dc4283a1dff91736505b66,1551
- completed:
    hackage: wl-pprint-1.2.1@sha256:aea676cff4a062d7d912149d270e33f5bb0c01b68a9db46ff13b438141ff4b7c,734
    pantry-tree:
      size: 221
      sha256: 750b375c6fc33400551f9e32e26e41844c372270a9bc3571e912fa36df7c6d4f
  original:
    hackage: wl-pprint-1.2.1@sha256:aea676cff4a062d7d912149d270e33f5bb0c01b68a9db46ff13b438141ff4b7c,734
snapshots:
- completed:
    size: 531707
    url: https://raw.githubusercontent.com/commercialhaskell/stackage-snapshots/master/lts/16/5.yaml
    sha256: 9751e25e0af5713a53ddcfcc79564b082c71b1b357fadef0d85672a5b5ba3703
  original: lts-16.5
